// !$*UTF8*$!
{
	archiveVersion = 1;
	classes = {
	};
	objectVersion = 46;
	objects = {

/* Begin PBXBuildFile section */
		0C0CDE801DFCF408007D2CD2 /* ChatViewModel.swift in Sources */ = {isa = PBXBuildFile; fileRef = 0C0CDE7F1DFCF408007D2CD2 /* ChatViewModel.swift */; };
		0C0CDE811DFCF408007D2CD2 /* ChatViewModel.swift in Sources */ = {isa = PBXBuildFile; fileRef = 0C0CDE7F1DFCF408007D2CD2 /* ChatViewModel.swift */; };
		0C0CDE821DFCF408007D2CD2 /* ChatViewModel.swift in Sources */ = {isa = PBXBuildFile; fileRef = 0C0CDE7F1DFCF408007D2CD2 /* ChatViewModel.swift */; };
		0C0CDE841DFCFEE6007D2CD2 /* LoginViewController.swift in Sources */ = {isa = PBXBuildFile; fileRef = 0C0CDE831DFCFEE6007D2CD2 /* LoginViewController.swift */; };
		0C0CDE851DFCFEE6007D2CD2 /* LoginViewController.swift in Sources */ = {isa = PBXBuildFile; fileRef = 0C0CDE831DFCFEE6007D2CD2 /* LoginViewController.swift */; };
		0C0CDE861DFCFEE6007D2CD2 /* LoginViewController.swift in Sources */ = {isa = PBXBuildFile; fileRef = 0C0CDE831DFCFEE6007D2CD2 /* LoginViewController.swift */; };
		0C0CDE871DFD081F007D2CD2 /* ChatViewController.swift in Sources */ = {isa = PBXBuildFile; fileRef = 0C7FA6A61DF840DE00CB3286 /* ChatViewController.swift */; };
		0C0CDE881DFD0820007D2CD2 /* ChatViewController.swift in Sources */ = {isa = PBXBuildFile; fileRef = 0C7FA6A61DF840DE00CB3286 /* ChatViewController.swift */; };
		0C0CDE8A1DFD0EA7007D2CD2 /* ChatViewModelTest.swift in Sources */ = {isa = PBXBuildFile; fileRef = 0C0CDE891DFD0EA7007D2CD2 /* ChatViewModelTest.swift */; };
		0C7FA6A51DF840DE00CB3286 /* AppDelegate.swift in Sources */ = {isa = PBXBuildFile; fileRef = 0C7FA6A41DF840DE00CB3286 /* AppDelegate.swift */; };
		0C7FA6A71DF840DE00CB3286 /* ChatViewController.swift in Sources */ = {isa = PBXBuildFile; fileRef = 0C7FA6A61DF840DE00CB3286 /* ChatViewController.swift */; };
		0C7FA6AA1DF840DE00CB3286 /* Main.storyboard in Resources */ = {isa = PBXBuildFile; fileRef = 0C7FA6A81DF840DE00CB3286 /* Main.storyboard */; };
		0C7FA6AC1DF840DE00CB3286 /* Assets.xcassets in Resources */ = {isa = PBXBuildFile; fileRef = 0C7FA6AB1DF840DE00CB3286 /* Assets.xcassets */; };
		0C7FA6AF1DF840DE00CB3286 /* LaunchScreen.storyboard in Resources */ = {isa = PBXBuildFile; fileRef = 0C7FA6AD1DF840DE00CB3286 /* LaunchScreen.storyboard */; };
		0C7FA6C51DF840DE00CB3286 /* ChatAppUITests.swift in Sources */ = {isa = PBXBuildFile; fileRef = 0C7FA6C41DF840DE00CB3286 /* ChatAppUITests.swift */; };
		1A86A6F4BA67DE7DC18E9FF0 /* Pods_ChatApp.framework in Frameworks */ = {isa = PBXBuildFile; fileRef = E740B869165571EA293B50D7 /* Pods_ChatApp.framework */; };
		5115B6C9C9DF22F8B9806C3A /* Pods_ChatAppUITests.framework in Frameworks */ = {isa = PBXBuildFile; fileRef = 70911EBC5629A850F7A26D54 /* Pods_ChatAppUITests.framework */; };
		8A94832B3BF44716BD0859CE /* Pods_ChatAppTests.framework in Frameworks */ = {isa = PBXBuildFile; fileRef = 65FFD16A1D0EEDF92E570553 /* Pods_ChatAppTests.framework */; };
/* End PBXBuildFile section */

/* Begin PBXContainerItemProxy section */
		0C7FA6B61DF840DE00CB3286 /* PBXContainerItemProxy */ = {
			isa = PBXContainerItemProxy;
			containerPortal = 0C7FA6991DF840DE00CB3286 /* Project object */;
			proxyType = 1;
			remoteGlobalIDString = 0C7FA6A01DF840DE00CB3286;
			remoteInfo = ChatApp;
		};
		0C7FA6C11DF840DE00CB3286 /* PBXContainerItemProxy */ = {
			isa = PBXContainerItemProxy;
			containerPortal = 0C7FA6991DF840DE00CB3286 /* Project object */;
			proxyType = 1;
			remoteGlobalIDString = 0C7FA6A01DF840DE00CB3286;
			remoteInfo = ChatApp;
		};
/* End PBXContainerItemProxy section */

/* Begin PBXFileReference section */
		0C0CDE7F1DFCF408007D2CD2 /* ChatViewModel.swift */ = {isa = PBXFileReference; fileEncoding = 4; lastKnownFileType = sourcecode.swift; path = ChatViewModel.swift; sourceTree = "<group>"; };
		0C0CDE831DFCFEE6007D2CD2 /* LoginViewController.swift */ = {isa = PBXFileReference; fileEncoding = 4; lastKnownFileType = sourcecode.swift; path = LoginViewController.swift; sourceTree = "<group>"; };
		0C0CDE891DFD0EA7007D2CD2 /* ChatViewModelTest.swift */ = {isa = PBXFileReference; fileEncoding = 4; lastKnownFileType = sourcecode.swift; path = ChatViewModelTest.swift; sourceTree = "<group>"; };
		0C7FA6A11DF840DE00CB3286 /* ChatApp.app */ = {isa = PBXFileReference; explicitFileType = wrapper.application; includeInIndex = 0; path = ChatApp.app; sourceTree = BUILT_PRODUCTS_DIR; };
		0C7FA6A41DF840DE00CB3286 /* AppDelegate.swift */ = {isa = PBXFileReference; lastKnownFileType = sourcecode.swift; path = AppDelegate.swift; sourceTree = "<group>"; };
		0C7FA6A61DF840DE00CB3286 /* ChatViewController.swift */ = {isa = PBXFileReference; lastKnownFileType = sourcecode.swift; path = ChatViewController.swift; sourceTree = "<group>"; };
		0C7FA6A91DF840DE00CB3286 /* Base */ = {isa = PBXFileReference; lastKnownFileType = file.storyboard; name = Base; path = Base.lproj/Main.storyboard; sourceTree = "<group>"; };
		0C7FA6AB1DF840DE00CB3286 /* Assets.xcassets */ = {isa = PBXFileReference; lastKnownFileType = folder.assetcatalog; path = Assets.xcassets; sourceTree = "<group>"; };
		0C7FA6AE1DF840DE00CB3286 /* Base */ = {isa = PBXFileReference; lastKnownFileType = file.storyboard; name = Base; path = Base.lproj/LaunchScreen.storyboard; sourceTree = "<group>"; };
		0C7FA6B01DF840DE00CB3286 /* Info.plist */ = {isa = PBXFileReference; lastKnownFileType = text.plist.xml; path = Info.plist; sourceTree = "<group>"; };
		0C7FA6B51DF840DE00CB3286 /* ChatAppTests.xctest */ = {isa = PBXFileReference; explicitFileType = wrapper.cfbundle; includeInIndex = 0; path = ChatAppTests.xctest; sourceTree = BUILT_PRODUCTS_DIR; };
		0C7FA6BB1DF840DE00CB3286 /* Info.plist */ = {isa = PBXFileReference; lastKnownFileType = text.plist.xml; path = Info.plist; sourceTree = "<group>"; };
		0C7FA6C01DF840DE00CB3286 /* ChatAppUITests.xctest */ = {isa = PBXFileReference; explicitFileType = wrapper.cfbundle; includeInIndex = 0; path = ChatAppUITests.xctest; sourceTree = BUILT_PRODUCTS_DIR; };
		0C7FA6C41DF840DE00CB3286 /* ChatAppUITests.swift */ = {isa = PBXFileReference; lastKnownFileType = sourcecode.swift; path = ChatAppUITests.swift; sourceTree = "<group>"; };
		0C7FA6C61DF840DE00CB3286 /* Info.plist */ = {isa = PBXFileReference; lastKnownFileType = text.plist.xml; path = Info.plist; sourceTree = "<group>"; };
		65FFD16A1D0EEDF92E570553 /* Pods_ChatAppTests.framework */ = {isa = PBXFileReference; explicitFileType = wrapper.framework; includeInIndex = 0; path = Pods_ChatAppTests.framework; sourceTree = BUILT_PRODUCTS_DIR; };
		70911EBC5629A850F7A26D54 /* Pods_ChatAppUITests.framework */ = {isa = PBXFileReference; explicitFileType = wrapper.framework; includeInIndex = 0; path = Pods_ChatAppUITests.framework; sourceTree = BUILT_PRODUCTS_DIR; };
		76F680C32E065491B3A29366 /* Pods-ChatApp.release.xcconfig */ = {isa = PBXFileReference; includeInIndex = 1; lastKnownFileType = text.xcconfig; name = "Pods-ChatApp.release.xcconfig"; path = "Pods/Target Support Files/Pods-ChatApp/Pods-ChatApp.release.xcconfig"; sourceTree = "<group>"; };
		7A8BAC5BDEE1E5F19F963959 /* Pods-ChatAppTests.release.xcconfig */ = {isa = PBXFileReference; includeInIndex = 1; lastKnownFileType = text.xcconfig; name = "Pods-ChatAppTests.release.xcconfig"; path = "Pods/Target Support Files/Pods-ChatAppTests/Pods-ChatAppTests.release.xcconfig"; sourceTree = "<group>"; };
		C3C3A4388A06DF4CC8CD9BA5 /* Pods-ChatAppTests.debug.xcconfig */ = {isa = PBXFileReference; includeInIndex = 1; lastKnownFileType = text.xcconfig; name = "Pods-ChatAppTests.debug.xcconfig"; path = "Pods/Target Support Files/Pods-ChatAppTests/Pods-ChatAppTests.debug.xcconfig"; sourceTree = "<group>"; };
		D251D1973A043B3751E73E9C /* Pods-ChatAppUITests.release.xcconfig */ = {isa = PBXFileReference; includeInIndex = 1; lastKnownFileType = text.xcconfig; name = "Pods-ChatAppUITests.release.xcconfig"; path = "Pods/Target Support Files/Pods-ChatAppUITests/Pods-ChatAppUITests.release.xcconfig"; sourceTree = "<group>"; };
		E740B869165571EA293B50D7 /* Pods_ChatApp.framework */ = {isa = PBXFileReference; explicitFileType = wrapper.framework; includeInIndex = 0; path = Pods_ChatApp.framework; sourceTree = BUILT_PRODUCTS_DIR; };
		F2B0447FC86707D1114256DE /* Pods-ChatApp.debug.xcconfig */ = {isa = PBXFileReference; includeInIndex = 1; lastKnownFileType = text.xcconfig; name = "Pods-ChatApp.debug.xcconfig"; path = "Pods/Target Support Files/Pods-ChatApp/Pods-ChatApp.debug.xcconfig"; sourceTree = "<group>"; };
		FC91A23EC30C0A31A33B1D5E /* Pods-ChatAppUITests.debug.xcconfig */ = {isa = PBXFileReference; includeInIndex = 1; lastKnownFileType = text.xcconfig; name = "Pods-ChatAppUITests.debug.xcconfig"; path = "Pods/Target Support Files/Pods-ChatAppUITests/Pods-ChatAppUITests.debug.xcconfig"; sourceTree = "<group>"; };
/* End PBXFileReference section */

/* Begin PBXFrameworksBuildPhase section */
		0C7FA69E1DF840DE00CB3286 /* Frameworks */ = {
			isa = PBXFrameworksBuildPhase;
			buildActionMask = 2147483647;
			files = (
				1A86A6F4BA67DE7DC18E9FF0 /* Pods_ChatApp.framework in Frameworks */,
			);
			runOnlyForDeploymentPostprocessing = 0;
		};
		0C7FA6B21DF840DE00CB3286 /* Frameworks */ = {
			isa = PBXFrameworksBuildPhase;
			buildActionMask = 2147483647;
			files = (
				8A94832B3BF44716BD0859CE /* Pods_ChatAppTests.framework in Frameworks */,
			);
			runOnlyForDeploymentPostprocessing = 0;
		};
		0C7FA6BD1DF840DE00CB3286 /* Frameworks */ = {
			isa = PBXFrameworksBuildPhase;
			buildActionMask = 2147483647;
			files = (
				5115B6C9C9DF22F8B9806C3A /* Pods_ChatAppUITests.framework in Frameworks */,
			);
			runOnlyForDeploymentPostprocessing = 0;
		};
/* End PBXFrameworksBuildPhase section */

/* Begin PBXGroup section */
		0C7E43F11DFC2CFE007D067F /* Models */ = {
			isa = PBXGroup;
			children = (
			);
			name = Models;
			sourceTree = "<group>";
		};
		0C7E43F21DFC2D09007D067F /* ViewModels */ = {
			isa = PBXGroup;
			children = (
				0C0CDE7F1DFCF408007D2CD2 /* ChatViewModel.swift */,
			);
			name = ViewModels;
			sourceTree = "<group>";
		};
		0C7E43F31DFC2D1A007D067F /* Views */ = {
			isa = PBXGroup;
			children = (
				0C7FA6AD1DF840DE00CB3286 /* LaunchScreen.storyboard */,
				0C7FA6A81DF840DE00CB3286 /* Main.storyboard */,
				0C0CDE831DFCFEE6007D2CD2 /* LoginViewController.swift */,
				0C7FA6A61DF840DE00CB3286 /* ChatViewController.swift */,
			);
			name = Views;
			sourceTree = "<group>";
		};
		0C7E43F41DFC2D3C007D067F /* SupportingFiles */ = {
			isa = PBXGroup;
			children = (
				0C7FA6AB1DF840DE00CB3286 /* Assets.xcassets */,
				0C7FA6B01DF840DE00CB3286 /* Info.plist */,
			);
			name = SupportingFiles;
			sourceTree = "<group>";
		};
		0C7FA6981DF840DE00CB3286 = {
			isa = PBXGroup;
			children = (
				0C7FA6A31DF840DE00CB3286 /* ChatApp */,
				0C7FA6B81DF840DE00CB3286 /* ChatAppTests */,
				0C7FA6C31DF840DE00CB3286 /* ChatAppUITests */,
				0C7FA6A21DF840DE00CB3286 /* Products */,
				CB74E8DDD29F70DF5B1CB3BD /* Pods */,
				B7756C7718672E3A0E3BDE9C /* Frameworks */,
			);
			sourceTree = "<group>";
		};
		0C7FA6A21DF840DE00CB3286 /* Products */ = {
			isa = PBXGroup;
			children = (
				0C7FA6A11DF840DE00CB3286 /* ChatApp.app */,
				0C7FA6B51DF840DE00CB3286 /* ChatAppTests.xctest */,
				0C7FA6C01DF840DE00CB3286 /* ChatAppUITests.xctest */,
			);
			name = Products;
			sourceTree = "<group>";
		};
		0C7FA6A31DF840DE00CB3286 /* ChatApp */ = {
			isa = PBXGroup;
			children = (
				0C7E43F21DFC2D09007D067F /* ViewModels */,
				0C7E43F31DFC2D1A007D067F /* Views */,
				0C7E43F11DFC2CFE007D067F /* Models */,
				0C7E43F41DFC2D3C007D067F /* SupportingFiles */,
				0C7FA6A41DF840DE00CB3286 /* AppDelegate.swift */,
			);
			path = ChatApp;
			sourceTree = "<group>";
		};
		0C7FA6B81DF840DE00CB3286 /* ChatAppTests */ = {
			isa = PBXGroup;
			children = (
				0C7FA6BB1DF840DE00CB3286 /* Info.plist */,
				0C0CDE891DFD0EA7007D2CD2 /* ChatViewModelTest.swift */,
			);
			path = ChatAppTests;
			sourceTree = "<group>";
		};
		0C7FA6C31DF840DE00CB3286 /* ChatAppUITests */ = {
			isa = PBXGroup;
			children = (
				0C7FA6C41DF840DE00CB3286 /* ChatAppUITests.swift */,
				0C7FA6C61DF840DE00CB3286 /* Info.plist */,
			);
			path = ChatAppUITests;
			sourceTree = "<group>";
		};
		B7756C7718672E3A0E3BDE9C /* Frameworks */ = {
			isa = PBXGroup;
			children = (
				E740B869165571EA293B50D7 /* Pods_ChatApp.framework */,
				65FFD16A1D0EEDF92E570553 /* Pods_ChatAppTests.framework */,
				70911EBC5629A850F7A26D54 /* Pods_ChatAppUITests.framework */,
			);
			name = Frameworks;
			sourceTree = "<group>";
		};
		CB74E8DDD29F70DF5B1CB3BD /* Pods */ = {
			isa = PBXGroup;
			children = (
				F2B0447FC86707D1114256DE /* Pods-ChatApp.debug.xcconfig */,
				76F680C32E065491B3A29366 /* Pods-ChatApp.release.xcconfig */,
				C3C3A4388A06DF4CC8CD9BA5 /* Pods-ChatAppTests.debug.xcconfig */,
				7A8BAC5BDEE1E5F19F963959 /* Pods-ChatAppTests.release.xcconfig */,
				FC91A23EC30C0A31A33B1D5E /* Pods-ChatAppUITests.debug.xcconfig */,
				D251D1973A043B3751E73E9C /* Pods-ChatAppUITests.release.xcconfig */,
			);
			name = Pods;
			sourceTree = "<group>";
		};
/* End PBXGroup section */

/* Begin PBXNativeTarget section */
		0C7FA6A01DF840DE00CB3286 /* ChatApp */ = {
			isa = PBXNativeTarget;
			buildConfigurationList = 0C7FA6C91DF840DE00CB3286 /* Build configuration list for PBXNativeTarget "ChatApp" */;
			buildPhases = (
				685EE3982C8932AA77E5ABD5 /* [CP] Check Pods Manifest.lock */,
				0C7FA69D1DF840DE00CB3286 /* Sources */,
				0C7FA69E1DF840DE00CB3286 /* Frameworks */,
				0C7FA69F1DF840DE00CB3286 /* Resources */,
				873238EC525EDB275025D5E5 /* [CP] Embed Pods Frameworks */,
				BF81A76F9404C82E4221944D /* [CP] Copy Pods Resources */,
			);
			buildRules = (
			);
			dependencies = (
			);
			name = ChatApp;
			productName = ChatApp;
			productReference = 0C7FA6A11DF840DE00CB3286 /* ChatApp.app */;
			productType = "com.apple.product-type.application";
		};
		0C7FA6B41DF840DE00CB3286 /* ChatAppTests */ = {
			isa = PBXNativeTarget;
			buildConfigurationList = 0C7FA6CC1DF840DE00CB3286 /* Build configuration list for PBXNativeTarget "ChatAppTests" */;
			buildPhases = (
				E3D780D52406D0C982609FB8 /* [CP] Check Pods Manifest.lock */,
				0C7FA6B11DF840DE00CB3286 /* Sources */,
				0C7FA6B21DF840DE00CB3286 /* Frameworks */,
				0C7FA6B31DF840DE00CB3286 /* Resources */,
				7F9AD292603DD534FA0758D7 /* [CP] Embed Pods Frameworks */,
				A02D48B3EC92EB939C6C08EA /* [CP] Copy Pods Resources */,
			);
			buildRules = (
			);
			dependencies = (
				0C7FA6B71DF840DE00CB3286 /* PBXTargetDependency */,
			);
			name = ChatAppTests;
			productName = ChatAppTests;
			productReference = 0C7FA6B51DF840DE00CB3286 /* ChatAppTests.xctest */;
			productType = "com.apple.product-type.bundle.unit-test";
		};
		0C7FA6BF1DF840DE00CB3286 /* ChatAppUITests */ = {
			isa = PBXNativeTarget;
			buildConfigurationList = 0C7FA6CF1DF840DE00CB3286 /* Build configuration list for PBXNativeTarget "ChatAppUITests" */;
			buildPhases = (
				3A3E093EF7A3845B779980AE /* [CP] Check Pods Manifest.lock */,
				0C7FA6BC1DF840DE00CB3286 /* Sources */,
				0C7FA6BD1DF840DE00CB3286 /* Frameworks */,
				0C7FA6BE1DF840DE00CB3286 /* Resources */,
				0E58643119DD5FDD5869F64E /* [CP] Embed Pods Frameworks */,
				73F780ED29D8B57AF34D3DD2 /* [CP] Copy Pods Resources */,
			);
			buildRules = (
			);
			dependencies = (
				0C7FA6C21DF840DE00CB3286 /* PBXTargetDependency */,
			);
			name = ChatAppUITests;
			productName = ChatAppUITests;
			productReference = 0C7FA6C01DF840DE00CB3286 /* ChatAppUITests.xctest */;
			productType = "com.apple.product-type.bundle.ui-testing";
		};
/* End PBXNativeTarget section */

/* Begin PBXProject section */
		0C7FA6991DF840DE00CB3286 /* Project object */ = {
			isa = PBXProject;
			attributes = {
				LastSwiftUpdateCheck = 0810;
				LastUpgradeCheck = 0810;
				ORGANIZATIONNAME = "Hung Nguyen";
				TargetAttributes = {
					0C7FA6A01DF840DE00CB3286 = {
						CreatedOnToolsVersion = 8.1;
						DevelopmentTeam = P75L6RL67A;
						LastSwiftMigration = 0810;
						ProvisioningStyle = Automatic;
					};
					0C7FA6B41DF840DE00CB3286 = {
						CreatedOnToolsVersion = 8.1;
						DevelopmentTeam = P75L6RL67A;
						ProvisioningStyle = Automatic;
						TestTargetID = 0C7FA6A01DF840DE00CB3286;
					};
					0C7FA6BF1DF840DE00CB3286 = {
						CreatedOnToolsVersion = 8.1;
						DevelopmentTeam = P75L6RL67A;
						ProvisioningStyle = Automatic;
						TestTargetID = 0C7FA6A01DF840DE00CB3286;
					};
				};
			};
			buildConfigurationList = 0C7FA69C1DF840DE00CB3286 /* Build configuration list for PBXProject "ChatApp" */;
			compatibilityVersion = "Xcode 3.2";
			developmentRegion = English;
			hasScannedForEncodings = 0;
			knownRegions = (
				en,
				Base,
			);
			mainGroup = 0C7FA6981DF840DE00CB3286;
			productRefGroup = 0C7FA6A21DF840DE00CB3286 /* Products */;
			projectDirPath = "";
			projectRoot = "";
			targets = (
				0C7FA6A01DF840DE00CB3286 /* ChatApp */,
				0C7FA6B41DF840DE00CB3286 /* ChatAppTests */,
				0C7FA6BF1DF840DE00CB3286 /* ChatAppUITests */,
			);
		};
/* End PBXProject section */

/* Begin PBXResourcesBuildPhase section */
		0C7FA69F1DF840DE00CB3286 /* Resources */ = {
			isa = PBXResourcesBuildPhase;
			buildActionMask = 2147483647;
			files = (
				0C7FA6AF1DF840DE00CB3286 /* LaunchScreen.storyboard in Resources */,
				0C7FA6AC1DF840DE00CB3286 /* Assets.xcassets in Resources */,
				0C7FA6AA1DF840DE00CB3286 /* Main.storyboard in Resources */,
			);
			runOnlyForDeploymentPostprocessing = 0;
		};
		0C7FA6B31DF840DE00CB3286 /* Resources */ = {
			isa = PBXResourcesBuildPhase;
			buildActionMask = 2147483647;
			files = (
			);
			runOnlyForDeploymentPostprocessing = 0;
		};
		0C7FA6BE1DF840DE00CB3286 /* Resources */ = {
			isa = PBXResourcesBuildPhase;
			buildActionMask = 2147483647;
			files = (
			);
			runOnlyForDeploymentPostprocessing = 0;
		};
/* End PBXResourcesBuildPhase section */

/* Begin PBXShellScriptBuildPhase section */
		0E58643119DD5FDD5869F64E /* [CP] Embed Pods Frameworks */ = {
			isa = PBXShellScriptBuildPhase;
			buildActionMask = 2147483647;
			files = (
			);
			inputPaths = (
			);
			name = "[CP] Embed Pods Frameworks";
			outputPaths = (
			);
			runOnlyForDeploymentPostprocessing = 0;
			shellPath = /bin/sh;
			shellScript = "\"${SRCROOT}/Pods/Target Support Files/Pods-ChatAppUITests/Pods-ChatAppUITests-frameworks.sh\"\n";
			showEnvVarsInLog = 0;
		};
		3A3E093EF7A3845B779980AE /* [CP] Check Pods Manifest.lock */ = {
			isa = PBXShellScriptBuildPhase;
			buildActionMask = 2147483647;
			files = (
			);
			inputPaths = (
			);
			name = "[CP] Check Pods Manifest.lock";
			outputPaths = (
			);
			runOnlyForDeploymentPostprocessing = 0;
			shellPath = /bin/sh;
			shellScript = "diff \"${PODS_ROOT}/../Podfile.lock\" \"${PODS_ROOT}/Manifest.lock\" > /dev/null\nif [ $? != 0 ] ; then\n    # print error to STDERR\n    echo \"error: The sandbox is not in sync with the Podfile.lock. Run 'pod install' or update your CocoaPods installation.\" >&2\n    exit 1\nfi\n";
			showEnvVarsInLog = 0;
		};
		685EE3982C8932AA77E5ABD5 /* [CP] Check Pods Manifest.lock */ = {
			isa = PBXShellScriptBuildPhase;
			buildActionMask = 2147483647;
			files = (
			);
			inputPaths = (
			);
			name = "[CP] Check Pods Manifest.lock";
			outputPaths = (
			);
			runOnlyForDeploymentPostprocessing = 0;
			shellPath = /bin/sh;
			shellScript = "diff \"${PODS_ROOT}/../Podfile.lock\" \"${PODS_ROOT}/Manifest.lock\" > /dev/null\nif [ $? != 0 ] ; then\n    # print error to STDERR\n    echo \"error: The sandbox is not in sync with the Podfile.lock. Run 'pod install' or update your CocoaPods installation.\" >&2\n    exit 1\nfi\n";
			showEnvVarsInLog = 0;
		};
		73F780ED29D8B57AF34D3DD2 /* [CP] Copy Pods Resources */ = {
			isa = PBXShellScriptBuildPhase;
			buildActionMask = 2147483647;
			files = (
			);
			inputPaths = (
			);
			name = "[CP] Copy Pods Resources";
			outputPaths = (
			);
			runOnlyForDeploymentPostprocessing = 0;
			shellPath = /bin/sh;
			shellScript = "\"${SRCROOT}/Pods/Target Support Files/Pods-ChatAppUITests/Pods-ChatAppUITests-resources.sh\"\n";
			showEnvVarsInLog = 0;
		};
		7F9AD292603DD534FA0758D7 /* [CP] Embed Pods Frameworks */ = {
			isa = PBXShellScriptBuildPhase;
			buildActionMask = 2147483647;
			files = (
			);
			inputPaths = (
			);
			name = "[CP] Embed Pods Frameworks";
			outputPaths = (
			);
			runOnlyForDeploymentPostprocessing = 0;
			shellPath = /bin/sh;
			shellScript = "\"${SRCROOT}/Pods/Target Support Files/Pods-ChatAppTests/Pods-ChatAppTests-frameworks.sh\"\n";
			showEnvVarsInLog = 0;
		};
		873238EC525EDB275025D5E5 /* [CP] Embed Pods Frameworks */ = {
			isa = PBXShellScriptBuildPhase;
			buildActionMask = 2147483647;
			files = (
			);
			inputPaths = (
			);
			name = "[CP] Embed Pods Frameworks";
			outputPaths = (
			);
			runOnlyForDeploymentPostprocessing = 0;
			shellPath = /bin/sh;
			shellScript = "\"${SRCROOT}/Pods/Target Support Files/Pods-ChatApp/Pods-ChatApp-frameworks.sh\"\n";
			showEnvVarsInLog = 0;
		};
		A02D48B3EC92EB939C6C08EA /* [CP] Copy Pods Resources */ = {
			isa = PBXShellScriptBuildPhase;
			buildActionMask = 2147483647;
			files = (
			);
			inputPaths = (
			);
			name = "[CP] Copy Pods Resources";
			outputPaths = (
			);
			runOnlyForDeploymentPostprocessing = 0;
			shellPath = /bin/sh;
			shellScript = "\"${SRCROOT}/Pods/Target Support Files/Pods-ChatAppTests/Pods-ChatAppTests-resources.sh\"\n";
			showEnvVarsInLog = 0;
		};
		BF81A76F9404C82E4221944D /* [CP] Copy Pods Resources */ = {
			isa = PBXShellScriptBuildPhase;
			buildActionMask = 2147483647;
			files = (
			);
			inputPaths = (
			);
			name = "[CP] Copy Pods Resources";
			outputPaths = (
			);
			runOnlyForDeploymentPostprocessing = 0;
			shellPath = /bin/sh;
			shellScript = "\"${SRCROOT}/Pods/Target Support Files/Pods-ChatApp/Pods-ChatApp-resources.sh\"\n";
			showEnvVarsInLog = 0;
		};
		E3D780D52406D0C982609FB8 /* [CP] Check Pods Manifest.lock */ = {
			isa = PBXShellScriptBuildPhase;
			buildActionMask = 2147483647;
			files = (
			);
			inputPaths = (
			);
			name = "[CP] Check Pods Manifest.lock";
			outputPaths = (
			);
			runOnlyForDeploymentPostprocessing = 0;
			shellPath = /bin/sh;
			shellScript = "diff \"${PODS_ROOT}/../Podfile.lock\" \"${PODS_ROOT}/Manifest.lock\" > /dev/null\nif [ $? != 0 ] ; then\n    # print error to STDERR\n    echo \"error: The sandbox is not in sync with the Podfile.lock. Run 'pod install' or update your CocoaPods installation.\" >&2\n    exit 1\nfi\n";
			showEnvVarsInLog = 0;
		};
/* End PBXShellScriptBuildPhase section */

/* Begin PBXSourcesBuildPhase section */
		0C7FA69D1DF840DE00CB3286 /* Sources */ = {
			isa = PBXSourcesBuildPhase;
			buildActionMask = 2147483647;
			files = (
				0C0CDE841DFCFEE6007D2CD2 /* LoginViewController.swift in Sources */,
				0C7FA6A71DF840DE00CB3286 /* ChatViewController.swift in Sources */,
				0C0CDE801DFCF408007D2CD2 /* ChatViewModel.swift in Sources */,
				0C7FA6A51DF840DE00CB3286 /* AppDelegate.swift in Sources */,
			);
			runOnlyForDeploymentPostprocessing = 0;
		};
		0C7FA6B11DF840DE00CB3286 /* Sources */ = {
			isa = PBXSourcesBuildPhase;
			buildActionMask = 2147483647;
			files = (
				0C0CDE851DFCFEE6007D2CD2 /* LoginViewController.swift in Sources */,
				0C0CDE811DFCF408007D2CD2 /* ChatViewModel.swift in Sources */,
				0C0CDE8A1DFD0EA7007D2CD2 /* ChatViewModelTest.swift in Sources */,
				0C0CDE871DFD081F007D2CD2 /* ChatViewController.swift in Sources */,
			);
			runOnlyForDeploymentPostprocessing = 0;
		};
		0C7FA6BC1DF840DE00CB3286 /* Sources */ = {
			isa = PBXSourcesBuildPhase;
			buildActionMask = 2147483647;
			files = (
				0C0CDE861DFCFEE6007D2CD2 /* LoginViewController.swift in Sources */,
				0C0CDE821DFCF408007D2CD2 /* ChatViewModel.swift in Sources */,
				0C0CDE881DFD0820007D2CD2 /* ChatViewController.swift in Sources */,
				0C7FA6C51DF840DE00CB3286 /* ChatAppUITests.swift in Sources */,
			);
			runOnlyForDeploymentPostprocessing = 0;
		};
/* End PBXSourcesBuildPhase section */

/* Begin PBXTargetDependency section */
		0C7FA6B71DF840DE00CB3286 /* PBXTargetDependency */ = {
			isa = PBXTargetDependency;
			target = 0C7FA6A01DF840DE00CB3286 /* ChatApp */;
			targetProxy = 0C7FA6B61DF840DE00CB3286 /* PBXContainerItemProxy */;
		};
		0C7FA6C21DF840DE00CB3286 /* PBXTargetDependency */ = {
			isa = PBXTargetDependency;
			target = 0C7FA6A01DF840DE00CB3286 /* ChatApp */;
			targetProxy = 0C7FA6C11DF840DE00CB3286 /* PBXContainerItemProxy */;
		};
/* End PBXTargetDependency section */

/* Begin PBXVariantGroup section */
		0C7FA6A81DF840DE00CB3286 /* Main.storyboard */ = {
			isa = PBXVariantGroup;
			children = (
				0C7FA6A91DF840DE00CB3286 /* Base */,
			);
			name = Main.storyboard;
			sourceTree = "<group>";
		};
		0C7FA6AD1DF840DE00CB3286 /* LaunchScreen.storyboard */ = {
			isa = PBXVariantGroup;
			children = (
				0C7FA6AE1DF840DE00CB3286 /* Base */,
			);
			name = LaunchScreen.storyboard;
			sourceTree = "<group>";
		};
/* End PBXVariantGroup section */

/* Begin XCBuildConfiguration section */
		0C7FA6C71DF840DE00CB3286 /* Debug */ = {
			isa = XCBuildConfiguration;
			buildSettings = {
				ALWAYS_SEARCH_USER_PATHS = NO;
				CLANG_ANALYZER_NONNULL = YES;
				CLANG_CXX_LANGUAGE_STANDARD = "gnu++0x";
				CLANG_CXX_LIBRARY = "libc++";
				CLANG_ENABLE_MODULES = YES;
				CLANG_ENABLE_OBJC_ARC = YES;
				CLANG_WARN_BOOL_CONVERSION = YES;
				CLANG_WARN_CONSTANT_CONVERSION = YES;
				CLANG_WARN_DIRECT_OBJC_ISA_USAGE = YES_ERROR;
				CLANG_WARN_DOCUMENTATION_COMMENTS = YES;
				CLANG_WARN_EMPTY_BODY = YES;
				CLANG_WARN_ENUM_CONVERSION = YES;
				CLANG_WARN_INFINITE_RECURSION = YES;
				CLANG_WARN_INT_CONVERSION = YES;
				CLANG_WARN_OBJC_ROOT_CLASS = YES_ERROR;
				CLANG_WARN_SUSPICIOUS_MOVES = YES;
				CLANG_WARN_UNREACHABLE_CODE = YES;
				CLANG_WARN__DUPLICATE_METHOD_MATCH = YES;
				"CODE_SIGN_IDENTITY[sdk=iphoneos*]" = "iPhone Developer";
				COPY_PHASE_STRIP = NO;
				DEBUG_INFORMATION_FORMAT = dwarf;
				ENABLE_STRICT_OBJC_MSGSEND = YES;
				ENABLE_TESTABILITY = YES;
				GCC_C_LANGUAGE_STANDARD = gnu99;
				GCC_DYNAMIC_NO_PIC = NO;
				GCC_NO_COMMON_BLOCKS = YES;
				GCC_OPTIMIZATION_LEVEL = 0;
				GCC_PREPROCESSOR_DEFINITIONS = (
					"DEBUG=1",
					"$(inherited)",
				);
				GCC_WARN_64_TO_32_BIT_CONVERSION = YES;
				GCC_WARN_ABOUT_RETURN_TYPE = YES_ERROR;
				GCC_WARN_UNDECLARED_SELECTOR = YES;
				GCC_WARN_UNINITIALIZED_AUTOS = YES_AGGRESSIVE;
				GCC_WARN_UNUSED_FUNCTION = YES;
				GCC_WARN_UNUSED_VARIABLE = YES;
				IPHONEOS_DEPLOYMENT_TARGET = 10.1;
				MTL_ENABLE_DEBUG_INFO = YES;
				ONLY_ACTIVE_ARCH = YES;
				SDKROOT = iphoneos;
				SWIFT_ACTIVE_COMPILATION_CONDITIONS = DEBUG;
				SWIFT_OPTIMIZATION_LEVEL = "-Onone";
				TARGETED_DEVICE_FAMILY = "1,2";
			};
			name = Debug;
		};
		0C7FA6C81DF840DE00CB3286 /* Release */ = {
			isa = XCBuildConfiguration;
			buildSettings = {
				ALWAYS_SEARCH_USER_PATHS = NO;
				CLANG_ANALYZER_NONNULL = YES;
				CLANG_CXX_LANGUAGE_STANDARD = "gnu++0x";
				CLANG_CXX_LIBRARY = "libc++";
				CLANG_ENABLE_MODULES = YES;
				CLANG_ENABLE_OBJC_ARC = YES;
				CLANG_WARN_BOOL_CONVERSION = YES;
				CLANG_WARN_CONSTANT_CONVERSION = YES;
				CLANG_WARN_DIRECT_OBJC_ISA_USAGE = YES_ERROR;
				CLANG_WARN_DOCUMENTATION_COMMENTS = YES;
				CLANG_WARN_EMPTY_BODY = YES;
				CLANG_WARN_ENUM_CONVERSION = YES;
				CLANG_WARN_INFINITE_RECURSION = YES;
				CLANG_WARN_INT_CONVERSION = YES;
				CLANG_WARN_OBJC_ROOT_CLASS = YES_ERROR;
				CLANG_WARN_SUSPICIOUS_MOVES = YES;
				CLANG_WARN_UNREACHABLE_CODE = YES;
				CLANG_WARN__DUPLICATE_METHOD_MATCH = YES;
				"CODE_SIGN_IDENTITY[sdk=iphoneos*]" = "iPhone Developer";
				COPY_PHASE_STRIP = NO;
				DEBUG_INFORMATION_FORMAT = "dwarf-with-dsym";
				ENABLE_NS_ASSERTIONS = NO;
				ENABLE_STRICT_OBJC_MSGSEND = YES;
				GCC_C_LANGUAGE_STANDARD = gnu99;
				GCC_NO_COMMON_BLOCKS = YES;
				GCC_WARN_64_TO_32_BIT_CONVERSION = YES;
				GCC_WARN_ABOUT_RETURN_TYPE = YES_ERROR;
				GCC_WARN_UNDECLARED_SELECTOR = YES;
				GCC_WARN_UNINITIALIZED_AUTOS = YES_AGGRESSIVE;
				GCC_WARN_UNUSED_FUNCTION = YES;
				GCC_WARN_UNUSED_VARIABLE = YES;
				IPHONEOS_DEPLOYMENT_TARGET = 10.1;
				MTL_ENABLE_DEBUG_INFO = NO;
				SDKROOT = iphoneos;
				SWIFT_OPTIMIZATION_LEVEL = "-Owholemodule";
				TARGETED_DEVICE_FAMILY = "1,2";
				VALIDATE_PRODUCT = YES;
			};
			name = Release;
		};
		0C7FA6CA1DF840DE00CB3286 /* Debug */ = {
			isa = XCBuildConfiguration;
			baseConfigurationReference = F2B0447FC86707D1114256DE /* Pods-ChatApp.debug.xcconfig */;
			buildSettings = {
				ASSETCATALOG_COMPILER_APPICON_NAME = AppIcon;
				CLANG_ENABLE_MODULES = YES;
				DEVELOPMENT_TEAM = P75L6RL67A;
				INFOPLIST_FILE = ChatApp/Info.plist;
				LD_RUNPATH_SEARCH_PATHS = "$(inherited) @executable_path/Frameworks";
				PRODUCT_BUNDLE_IDENTIFIER = com.dinosys.ChatApp;
				PRODUCT_NAME = "$(TARGET_NAME)";
				SWIFT_OBJC_BRIDGING_HEADER = "";
				SWIFT_OPTIMIZATION_LEVEL = "-Onone";
				SWIFT_VERSION = 3.0;
			};
			name = Debug;
		};
		0C7FA6CB1DF840DE00CB3286 /* Release */ = {
			isa = XCBuildConfiguration;
			baseConfigurationReference = 76F680C32E065491B3A29366 /* Pods-ChatApp.release.xcconfig */;
			buildSettings = {
				ASSETCATALOG_COMPILER_APPICON_NAME = AppIcon;
				CLANG_ENABLE_MODULES = YES;
				DEVELOPMENT_TEAM = P75L6RL67A;
				INFOPLIST_FILE = ChatApp/Info.plist;
				LD_RUNPATH_SEARCH_PATHS = "$(inherited) @executable_path/Frameworks";
				PRODUCT_BUNDLE_IDENTIFIER = com.dinosys.ChatApp;
				PRODUCT_NAME = "$(TARGET_NAME)";
				SWIFT_OBJC_BRIDGING_HEADER = "";
				SWIFT_VERSION = 3.0;
			};
			name = Release;
		};
		0C7FA6CD1DF840DE00CB3286 /* Debug */ = {
			isa = XCBuildConfiguration;
			baseConfigurationReference = C3C3A4388A06DF4CC8CD9BA5 /* Pods-ChatAppTests.debug.xcconfig */;
			buildSettings = {
				ALWAYS_EMBED_SWIFT_STANDARD_LIBRARIES = YES;
				BUNDLE_LOADER = "$(TEST_HOST)";
				DEVELOPMENT_TEAM = P75L6RL67A;
				INFOPLIST_FILE = ChatAppTests/Info.plist;
				LD_RUNPATH_SEARCH_PATHS = "$(inherited) @executable_path/Frameworks @loader_path/Frameworks";
				PRODUCT_BUNDLE_IDENTIFIER = com.dinosys.ChatAppTests;
				PRODUCT_NAME = "$(TARGET_NAME)";
				SWIFT_VERSION = 3.0;
				TEST_HOST = "$(BUILT_PRODUCTS_DIR)/ChatApp.app/ChatApp";
			};
			name = Debug;
		};
		0C7FA6CE1DF840DE00CB3286 /* Release */ = {
			isa = XCBuildConfiguration;
			baseConfigurationReference = 7A8BAC5BDEE1E5F19F963959 /* Pods-ChatAppTests.release.xcconfig */;
			buildSettings = {
				ALWAYS_EMBED_SWIFT_STANDARD_LIBRARIES = YES;
				BUNDLE_LOADER = "$(TEST_HOST)";
				DEVELOPMENT_TEAM = P75L6RL67A;
				INFOPLIST_FILE = ChatAppTests/Info.plist;
				LD_RUNPATH_SEARCH_PATHS = "$(inherited) @executable_path/Frameworks @loader_path/Frameworks";
				PRODUCT_BUNDLE_IDENTIFIER = com.dinosys.ChatAppTests;
				PRODUCT_NAME = "$(TARGET_NAME)";
				SWIFT_VERSION = 3.0;
				TEST_HOST = "$(BUILT_PRODUCTS_DIR)/ChatApp.app/ChatApp";
			};
			name = Release;
		};
		0C7FA6D01DF840DE00CB3286 /* Debug */ = {
			isa = XCBuildConfiguration;
			baseConfigurationReference = FC91A23EC30C0A31A33B1D5E /* Pods-ChatAppUITests.debug.xcconfig */;
			buildSettings = {
				ALWAYS_EMBED_SWIFT_STANDARD_LIBRARIES = YES;
				DEVELOPMENT_TEAM = P75L6RL67A;
				INFOPLIST_FILE = ChatAppUITests/Info.plist;
				LD_RUNPATH_SEARCH_PATHS = "$(inherited) @executable_path/Frameworks @loader_path/Frameworks";
				PRODUCT_BUNDLE_IDENTIFIER = com.dinosys.ChatAppUITests;
				PRODUCT_NAME = "$(TARGET_NAME)";
				SWIFT_VERSION = 3.0;
				TEST_TARGET_NAME = ChatApp;
			};
			name = Debug;
		};
		0C7FA6D11DF840DE00CB3286 /* Release */ = {
			isa = XCBuildConfiguration;
			baseConfigurationReference = D251D1973A043B3751E73E9C /* Pods-ChatAppUITests.release.xcconfig */;
			buildSettings = {
				ALWAYS_EMBED_SWIFT_STANDARD_LIBRARIES = YES;
				DEVELOPMENT_TEAM = P75L6RL67A;
				INFOPLIST_FILE = ChatAppUITests/Info.plist;
				LD_RUNPATH_SEARCH_PATHS = "$(inherited) @executable_path/Frameworks @loader_path/Frameworks";
				PRODUCT_BUNDLE_IDENTIFIER = com.dinosys.ChatAppUITests;
				PRODUCT_NAME = "$(TARGET_NAME)";
				SWIFT_VERSION = 3.0;
				TEST_TARGET_NAME = ChatApp;
			};
			name = Release;
		};
/* End XCBuildConfiguration section */

/* Begin XCConfigurationList section */
		0C7FA69C1DF840DE00CB3286 /* Build configuration list for PBXProject "ChatApp" */ = {
			isa = XCConfigurationList;
			buildConfigurations = (
				0C7FA6C71DF840DE00CB3286 /* Debug */,
				0C7FA6C81DF840DE00CB3286 /* Release */,
			);
			defaultConfigurationIsVisible = 0;
			defaultConfigurationName = Release;
		};
		0C7FA6C91DF840DE00CB3286 /* Build configuration list for PBXNativeTarget "ChatApp" */ = {
			isa = XCConfigurationList;
			buildConfigurations = (
				0C7FA6CA1DF840DE00CB3286 /* Debug */,
				0C7FA6CB1DF840DE00CB3286 /* Release */,
			);
			defaultConfigurationIsVisible = 0;
			defaultConfigurationName = Release;
		};
		0C7FA6CC1DF840DE00CB3286 /* Build configuration list for PBXNativeTarget "ChatAppTests" */ = {
			isa = XCConfigurationList;
			buildConfigurations = (
				0C7FA6CD1DF840DE00CB3286 /* Debug */,
				0C7FA6CE1DF840DE00CB3286 /* Release */,
			);
			defaultConfigurationIsVisible = 0;
			defaultConfigurationName = Release;
		};
		0C7FA6CF1DF840DE00CB3286 /* Build configuration list for PBXNativeTarget "ChatAppUITests" */ = {
			isa = XCConfigurationList;
			buildConfigurations = (
				0C7FA6D01DF840DE00CB3286 /* Debug */,
				0C7FA6D11DF840DE00CB3286 /* Release */,
			);
			defaultConfigurationIsVisible = 0;
			defaultConfigurationName = Release;
		};
/* End XCConfigurationList section */
	};
	rootObject = 0C7FA6991DF840DE00CB3286 /* Project object */;
}
